// !$*UTF8*$!
{
	archiveVersion = 1;
	classes = {
	};
	objectVersion = 50;
	objects = {

/* Begin PBXBuildFile section */
		523E79BD220BB770003EA7C7 /* AppDelegate.swift in Sources */ = {isa = PBXBuildFile; fileRef = 523E79BC220BB770003EA7C7 /* AppDelegate.swift */; };
		523E79BF220BB770003EA7C7 /* ViewController.swift in Sources */ = {isa = PBXBuildFile; fileRef = 523E79BE220BB770003EA7C7 /* ViewController.swift */; };
		523E79C2220BB770003EA7C7 /* Main.storyboard in Resources */ = {isa = PBXBuildFile; fileRef = 523E79C0220BB770003EA7C7 /* Main.storyboard */; };
		523E79C4220BB772003EA7C7 /* Assets.xcassets in Resources */ = {isa = PBXBuildFile; fileRef = 523E79C3220BB772003EA7C7 /* Assets.xcassets */; };
		523E79C7220BB772003EA7C7 /* LaunchScreen.storyboard in Resources */ = {isa = PBXBuildFile; fileRef = 523E79C5220BB772003EA7C7 /* LaunchScreen.storyboard */; };
		523E79D2220BB772003EA7C7 /* memojiTests.swift in Sources */ = {isa = PBXBuildFile; fileRef = 523E79D1220BB772003EA7C7 /* memojiTests.swift */; };
		523E79DD220BB772003EA7C7 /* memojiUITests.swift in Sources */ = {isa = PBXBuildFile; fileRef = 523E79DC220BB772003EA7C7 /* memojiUITests.swift */; };
		523E79EB220BBD8F003EA7C7 /* MainViewController.swift in Sources */ = {isa = PBXBuildFile; fileRef = 523E79EA220BBD8F003EA7C7 /* MainViewController.swift */; };
		523E79ED220BC3FE003EA7C7 /* CategoryTableViewController.swift in Sources */ = {isa = PBXBuildFile; fileRef = 523E79EC220BC3FE003EA7C7 /* CategoryTableViewController.swift */; };
		523E79EF220BD92F003EA7C7 /* GameViewController.swift in Sources */ = {isa = PBXBuildFile; fileRef = 523E79EE220BD92F003EA7C7 /* GameViewController.swift */; };
		523E79F1220D7AD1003EA7C7 /* DataCenter.swift in Sources */ = {isa = PBXBuildFile; fileRef = 523E79F0220D7AD1003EA7C7 /* DataCenter.swift */; };
		52C5A9FF2216F93C00C817C4 /* QuestionBank.swift in Sources */ = {isa = PBXBuildFile; fileRef = 52C5A9FE2216F93C00C817C4 /* QuestionBank.swift */; };
/* End PBXBuildFile section */

/* Begin PBXContainerItemProxy section */
		523E79CE220BB772003EA7C7 /* PBXContainerItemProxy */ = {
			isa = PBXContainerItemProxy;
			containerPortal = 523E79B1220BB770003EA7C7 /* Project object */;
			proxyType = 1;
			remoteGlobalIDString = 523E79B8220BB770003EA7C7;
			remoteInfo = memoji;
		};
		523E79D9220BB772003EA7C7 /* PBXContainerItemProxy */ = {
			isa = PBXContainerItemProxy;
			containerPortal = 523E79B1220BB770003EA7C7 /* Project object */;
			proxyType = 1;
			remoteGlobalIDString = 523E79B8220BB770003EA7C7;
			remoteInfo = memoji;
		};
/* End PBXContainerItemProxy section */

/* Begin PBXFileReference section */
		523E79B9220BB770003EA7C7 /* memoji.app */ = {isa = PBXFileReference; explicitFileType = wrapper.application; includeInIndex = 0; path = memoji.app; sourceTree = BUILT_PRODUCTS_DIR; };
		523E79BC220BB770003EA7C7 /* AppDelegate.swift */ = {isa = PBXFileReference; lastKnownFileType = sourcecode.swift; path = AppDelegate.swift; sourceTree = "<group>"; };
		523E79BE220BB770003EA7C7 /* ViewController.swift */ = {isa = PBXFileReference; lastKnownFileType = sourcecode.swift; path = ViewController.swift; sourceTree = "<group>"; };
		523E79C1220BB770003EA7C7 /* Base */ = {isa = PBXFileReference; lastKnownFileType = file.storyboard; name = Base; path = Base.lproj/Main.storyboard; sourceTree = "<group>"; };
		523E79C3220BB772003EA7C7 /* Assets.xcassets */ = {isa = PBXFileReference; lastKnownFileType = folder.assetcatalog; path = Assets.xcassets; sourceTree = "<group>"; };
		523E79C6220BB772003EA7C7 /* Base */ = {isa = PBXFileReference; lastKnownFileType = file.storyboard; name = Base; path = Base.lproj/LaunchScreen.storyboard; sourceTree = "<group>"; };
		523E79C8220BB772003EA7C7 /* Info.plist */ = {isa = PBXFileReference; lastKnownFileType = text.plist.xml; path = Info.plist; sourceTree = "<group>"; };
		523E79CD220BB772003EA7C7 /* memojiTests.xctest */ = {isa = PBXFileReference; explicitFileType = wrapper.cfbundle; includeInIndex = 0; path = memojiTests.xctest; sourceTree = BUILT_PRODUCTS_DIR; };
		523E79D1220BB772003EA7C7 /* memojiTests.swift */ = {isa = PBXFileReference; lastKnownFileType = sourcecode.swift; path = memojiTests.swift; sourceTree = "<group>"; };
		523E79D3220BB772003EA7C7 /* Info.plist */ = {isa = PBXFileReference; lastKnownFileType = text.plist.xml; path = Info.plist; sourceTree = "<group>"; };
		523E79D8220BB772003EA7C7 /* memojiUITests.xctest */ = {isa = PBXFileReference; explicitFileType = wrapper.cfbundle; includeInIndex = 0; path = memojiUITests.xctest; sourceTree = BUILT_PRODUCTS_DIR; };
		523E79DC220BB772003EA7C7 /* memojiUITests.swift */ = {isa = PBXFileReference; lastKnownFileType = sourcecode.swift; path = memojiUITests.swift; sourceTree = "<group>"; };
		523E79DE220BB772003EA7C7 /* Info.plist */ = {isa = PBXFileReference; lastKnownFileType = text.plist.xml; path = Info.plist; sourceTree = "<group>"; };
		523E79EA220BBD8F003EA7C7 /* MainViewController.swift */ = {isa = PBXFileReference; lastKnownFileType = sourcecode.swift; path = MainViewController.swift; sourceTree = "<group>"; };
		523E79EC220BC3FE003EA7C7 /* CategoryTableViewController.swift */ = {isa = PBXFileReference; lastKnownFileType = sourcecode.swift; path = CategoryTableViewController.swift; sourceTree = "<group>"; };
		523E79EE220BD92F003EA7C7 /* GameViewController.swift */ = {isa = PBXFileReference; lastKnownFileType = sourcecode.swift; path = GameViewController.swift; sourceTree = "<group>"; };
		523E79F0220D7AD1003EA7C7 /* DataCenter.swift */ = {isa = PBXFileReference; lastKnownFileType = sourcecode.swift; path = DataCenter.swift; sourceTree = "<group>"; };
		52C5A9FE2216F93C00C817C4 /* QuestionBank.swift */ = {isa = PBXFileReference; fileEncoding = 4; lastKnownFileType = sourcecode.swift; path = QuestionBank.swift; sourceTree = "<group>"; };
/* End PBXFileReference section */

/* Begin PBXFrameworksBuildPhase section */
		523E79B6220BB770003EA7C7 /* Frameworks */ = {
			isa = PBXFrameworksBuildPhase;
			buildActionMask = 2147483647;
			files = (
			);
			runOnlyForDeploymentPostprocessing = 0;
		};
		523E79CA220BB772003EA7C7 /* Frameworks */ = {
			isa = PBXFrameworksBuildPhase;
			buildActionMask = 2147483647;
			files = (
			);
			runOnlyForDeploymentPostprocessing = 0;
		};
		523E79D5220BB772003EA7C7 /* Frameworks */ = {
			isa = PBXFrameworksBuildPhase;
			buildActionMask = 2147483647;
			files = (
			);
			runOnlyForDeploymentPostprocessing = 0;
		};
/* End PBXFrameworksBuildPhase section */

/* Begin PBXGroup section */
		523E79B0220BB770003EA7C7 = {
			isa = PBXGroup;
			children = (
				523E79BB220BB770003EA7C7 /* memoji */,
				523E79D0220BB772003EA7C7 /* memojiTests */,
				523E79DB220BB772003EA7C7 /* memojiUITests */,
				523E79BA220BB770003EA7C7 /* Products */,
			);
			sourceTree = "<group>";
		};
		523E79BA220BB770003EA7C7 /* Products */ = {
			isa = PBXGroup;
			children = (
				523E79B9220BB770003EA7C7 /* memoji.app */,
				523E79CD220BB772003EA7C7 /* memojiTests.xctest */,
				523E79D8220BB772003EA7C7 /* memojiUITests.xctest */,
			);
			name = Products;
			sourceTree = "<group>";
		};
		523E79BB220BB770003EA7C7 /* memoji */ = {
			isa = PBXGroup;
			children = (
				523E79F0220D7AD1003EA7C7 /* DataCenter.swift */,
				523E79BC220BB770003EA7C7 /* AppDelegate.swift */,
				523E79BE220BB770003EA7C7 /* ViewController.swift */,
				523E79C0220BB770003EA7C7 /* Main.storyboard */,
				52C5A9FE2216F93C00C817C4 /* QuestionBank.swift */,
				523E79EE220BD92F003EA7C7 /* GameViewController.swift */,
				523E79EC220BC3FE003EA7C7 /* CategoryTableViewController.swift */,
				523E79EA220BBD8F003EA7C7 /* MainViewController.swift */,
				523E79C3220BB772003EA7C7 /* Assets.xcassets */,
				523E79C5220BB772003EA7C7 /* LaunchScreen.storyboard */,
				523E79C8220BB772003EA7C7 /* Info.plist */,
			);
			path = memoji;
			sourceTree = "<group>";
		};
		523E79D0220BB772003EA7C7 /* memojiTests */ = {
			isa = PBXGroup;
			children = (
				523E79D1220BB772003EA7C7 /* memojiTests.swift */,
				523E79D3220BB772003EA7C7 /* Info.plist */,
			);
			path = memojiTests;
			sourceTree = "<group>";
		};
		523E79DB220BB772003EA7C7 /* memojiUITests */ = {
			isa = PBXGroup;
			children = (
				523E79DC220BB772003EA7C7 /* memojiUITests.swift */,
				523E79DE220BB772003EA7C7 /* Info.plist */,
			);
			path = memojiUITests;
			sourceTree = "<group>";
		};
/* End PBXGroup section */

/* Begin PBXNativeTarget section */
		523E79B8220BB770003EA7C7 /* memoji */ = {
			isa = PBXNativeTarget;
			buildConfigurationList = 523E79E1220BB772003EA7C7 /* Build configuration list for PBXNativeTarget "memoji" */;
			buildPhases = (
				523E79B5220BB770003EA7C7 /* Sources */,
				523E79B6220BB770003EA7C7 /* Frameworks */,
				523E79B7220BB770003EA7C7 /* Resources */,
			);
			buildRules = (
			);
			dependencies = (
			);
			name = memoji;
			productName = memoji;
			productReference = 523E79B9220BB770003EA7C7 /* memoji.app */;
			productType = "com.apple.product-type.application";
		};
		523E79CC220BB772003EA7C7 /* memojiTests */ = {
			isa = PBXNativeTarget;
			buildConfigurationList = 523E79E4220BB772003EA7C7 /* Build configuration list for PBXNativeTarget "memojiTests" */;
			buildPhases = (
				523E79C9220BB772003EA7C7 /* Sources */,
				523E79CA220BB772003EA7C7 /* Frameworks */,
				523E79CB220BB772003EA7C7 /* Resources */,
			);
			buildRules = (
			);
			dependencies = (
				523E79CF220BB772003EA7C7 /* PBXTargetDependency */,
			);
			name = memojiTests;
			productName = memojiTests;
			productReference = 523E79CD220BB772003EA7C7 /* memojiTests.xctest */;
			productType = "com.apple.product-type.bundle.unit-test";
		};
		523E79D7220BB772003EA7C7 /* memojiUITests */ = {
			isa = PBXNativeTarget;
			buildConfigurationList = 523E79E7220BB772003EA7C7 /* Build configuration list for PBXNativeTarget "memojiUITests" */;
			buildPhases = (
				523E79D4220BB772003EA7C7 /* Sources */,
				523E79D5220BB772003EA7C7 /* Frameworks */,
				523E79D6220BB772003EA7C7 /* Resources */,
			);
			buildRules = (
			);
			dependencies = (
				523E79DA220BB772003EA7C7 /* PBXTargetDependency */,
			);
			name = memojiUITests;
			productName = memojiUITests;
			productReference = 523E79D8220BB772003EA7C7 /* memojiUITests.xctest */;
			productType = "com.apple.product-type.bundle.ui-testing";
		};
/* End PBXNativeTarget section */

/* Begin PBXProject section */
		523E79B1220BB770003EA7C7 /* Project object */ = {
			isa = PBXProject;
			attributes = {
				LastSwiftUpdateCheck = 1010;
				LastUpgradeCheck = 1010;
				ORGANIZATIONNAME = CAU;
				TargetAttributes = {
					523E79B8220BB770003EA7C7 = {
						CreatedOnToolsVersion = 10.1;
					};
					523E79CC220BB772003EA7C7 = {
						CreatedOnToolsVersion = 10.1;
						TestTargetID = 523E79B8220BB770003EA7C7;
					};
					523E79D7220BB772003EA7C7 = {
						CreatedOnToolsVersion = 10.1;
						TestTargetID = 523E79B8220BB770003EA7C7;
					};
				};
			};
			buildConfigurationList = 523E79B4220BB770003EA7C7 /* Build configuration list for PBXProject "memoji" */;
			compatibilityVersion = "Xcode 9.3";
			developmentRegion = en;
			hasScannedForEncodings = 0;
			knownRegions = (
				en,
				Base,
			);
			mainGroup = 523E79B0220BB770003EA7C7;
			productRefGroup = 523E79BA220BB770003EA7C7 /* Products */;
			projectDirPath = "";
			projectRoot = "";
			targets = (
				523E79B8220BB770003EA7C7 /* memoji */,
				523E79CC220BB772003EA7C7 /* memojiTests */,
				523E79D7220BB772003EA7C7 /* memojiUITests */,
			);
		};
/* End PBXProject section */

/* Begin PBXResourcesBuildPhase section */
		523E79B7220BB770003EA7C7 /* Resources */ = {
			isa = PBXResourcesBuildPhase;
			buildActionMask = 2147483647;
			files = (
				523E79C7220BB772003EA7C7 /* LaunchScreen.storyboard in Resources */,
				523E79C4220BB772003EA7C7 /* Assets.xcassets in Resources */,
				523E79C2220BB770003EA7C7 /* Main.storyboard in Resources */,
			);
			runOnlyForDeploymentPostprocessing = 0;
		};
		523E79CB220BB772003EA7C7 /* Resources */ = {
			isa = PBXResourcesBuildPhase;
			buildActionMask = 2147483647;
			files = (
			);
			runOnlyForDeploymentPostprocessing = 0;
		};
		523E79D6220BB772003EA7C7 /* Resources */ = {
			isa = PBXResourcesBuildPhase;
			buildActionMask = 2147483647;
			files = (
			);
			runOnlyForDeploymentPostprocessing = 0;
		};
/* End PBXResourcesBuildPhase section */

/* Begin PBXSourcesBuildPhase section */
		523E79B5220BB770003EA7C7 /* Sources */ = {
			isa = PBXSourcesBuildPhase;
			buildActionMask = 2147483647;
			files = (
				523E79F1220D7AD1003EA7C7 /* DataCenter.swift in Sources */,
				52C5A9FF2216F93C00C817C4 /* QuestionBank.swift in Sources */,
				523E79EF220BD92F003EA7C7 /* GameViewController.swift in Sources */,
				523E79EB220BBD8F003EA7C7 /* MainViewController.swift in Sources */,
				523E79BF220BB770003EA7C7 /* ViewController.swift in Sources */,
				523E79BD220BB770003EA7C7 /* AppDelegate.swift in Sources */,
				523E79ED220BC3FE003EA7C7 /* CategoryTableViewController.swift in Sources */,
			);
			runOnlyForDeploymentPostprocessing = 0;
		};
		523E79C9220BB772003EA7C7 /* Sources */ = {
			isa = PBXSourcesBuildPhase;
			buildActionMask = 2147483647;
			files = (
				523E79D2220BB772003EA7C7 /* memojiTests.swift in Sources */,
			);
			runOnlyForDeploymentPostprocessing = 0;
		};
		523E79D4220BB772003EA7C7 /* Sources */ = {
			isa = PBXSourcesBuildPhase;
			buildActionMask = 2147483647;
			files = (
				523E79DD220BB772003EA7C7 /* memojiUITests.swift in Sources */,
			);
			runOnlyForDeploymentPostprocessing = 0;
		};
/* End PBXSourcesBuildPhase section */

/* Begin PBXTargetDependency section */
		523E79CF220BB772003EA7C7 /* PBXTargetDependency */ = {
			isa = PBXTargetDependency;
			target = 523E79B8220BB770003EA7C7 /* memoji */;
			targetProxy = 523E79CE220BB772003EA7C7 /* PBXContainerItemProxy */;
		};
		523E79DA220BB772003EA7C7 /* PBXTargetDependency */ = {
			isa = PBXTargetDependency;
			target = 523E79B8220BB770003EA7C7 /* memoji */;
			targetProxy = 523E79D9220BB772003EA7C7 /* PBXContainerItemProxy */;
		};
/* End PBXTargetDependency section */

/* Begin PBXVariantGroup section */
		523E79C0220BB770003EA7C7 /* Main.storyboard */ = {
			isa = PBXVariantGroup;
			children = (
				523E79C1220BB770003EA7C7 /* Base */,
			);
			name = Main.storyboard;
			sourceTree = "<group>";
		};
		523E79C5220BB772003EA7C7 /* LaunchScreen.storyboard */ = {
			isa = PBXVariantGroup;
			children = (
				523E79C6220BB772003EA7C7 /* Base */,
			);
			name = LaunchScreen.storyboard;
			sourceTree = "<group>";
		};
/* End PBXVariantGroup section */

/* Begin XCBuildConfiguration section */
		523E79DF220BB772003EA7C7 /* Debug */ = {
			isa = XCBuildConfiguration;
			buildSettings = {
				ALWAYS_SEARCH_USER_PATHS = NO;
				CLANG_ANALYZER_NONNULL = YES;
				CLANG_ANALYZER_NUMBER_OBJECT_CONVERSION = YES_AGGRESSIVE;
				CLANG_CXX_LANGUAGE_STANDARD = "gnu++14";
				CLANG_CXX_LIBRARY = "libc++";
				CLANG_ENABLE_MODULES = YES;
				CLANG_ENABLE_OBJC_ARC = YES;
				CLANG_ENABLE_OBJC_WEAK = YES;
				CLANG_WARN_BLOCK_CAPTURE_AUTORELEASING = YES;
				CLANG_WARN_BOOL_CONVERSION = YES;
				CLANG_WARN_COMMA = YES;
				CLANG_WARN_CONSTANT_CONVERSION = YES;
				CLANG_WARN_DEPRECATED_OBJC_IMPLEMENTATIONS = YES;
				CLANG_WARN_DIRECT_OBJC_ISA_USAGE = YES_ERROR;
				CLANG_WARN_DOCUMENTATION_COMMENTS = YES;
				CLANG_WARN_EMPTY_BODY = YES;
				CLANG_WARN_ENUM_CONVERSION = YES;
				CLANG_WARN_INFINITE_RECURSION = YES;
				CLANG_WARN_INT_CONVERSION = YES;
				CLANG_WARN_NON_LITERAL_NULL_CONVERSION = YES;
				CLANG_WARN_OBJC_IMPLICIT_RETAIN_SELF = YES;
				CLANG_WARN_OBJC_LITERAL_CONVERSION = YES;
				CLANG_WARN_OBJC_ROOT_CLASS = YES_ERROR;
				CLANG_WARN_RANGE_LOOP_ANALYSIS = YES;
				CLANG_WARN_STRICT_PROTOTYPES = YES;
				CLANG_WARN_SUSPICIOUS_MOVE = YES;
				CLANG_WARN_UNGUARDED_AVAILABILITY = YES_AGGRESSIVE;
				CLANG_WARN_UNREACHABLE_CODE = YES;
				CLANG_WARN__DUPLICATE_METHOD_MATCH = YES;
				CODE_SIGN_IDENTITY = "iPhone Developer";
				COPY_PHASE_STRIP = NO;
				DEBUG_INFORMATION_FORMAT = dwarf;
				ENABLE_STRICT_OBJC_MSGSEND = YES;
				ENABLE_TESTABILITY = YES;
				GCC_C_LANGUAGE_STANDARD = gnu11;
				GCC_DYNAMIC_NO_PIC = NO;
				GCC_NO_COMMON_BLOCKS = YES;
				GCC_OPTIMIZATION_LEVEL = 0;
				GCC_PREPROCESSOR_DEFINITIONS = (
					"DEBUG=1",
					"$(inherited)",
				);
				GCC_WARN_64_TO_32_BIT_CONVERSION = YES;
				GCC_WARN_ABOUT_RETURN_TYPE = YES_ERROR;
				GCC_WARN_UNDECLARED_SELECTOR = YES;
				GCC_WARN_UNINITIALIZED_AUTOS = YES_AGGRESSIVE;
				GCC_WARN_UNUSED_FUNCTION = YES;
				GCC_WARN_UNUSED_VARIABLE = YES;
				IPHONEOS_DEPLOYMENT_TARGET = 12.1;
				MTL_ENABLE_DEBUG_INFO = INCLUDE_SOURCE;
				MTL_FAST_MATH = YES;
				ONLY_ACTIVE_ARCH = YES;
				SDKROOT = iphoneos;
				SWIFT_ACTIVE_COMPILATION_CONDITIONS = DEBUG;
				SWIFT_OPTIMIZATION_LEVEL = "-Onone";
			};
			name = Debug;
		};
		523E79E0220BB772003EA7C7 /* Release */ = {
			isa = XCBuildConfiguration;
			buildSettings = {
				ALWAYS_SEARCH_USER_PATHS = NO;
				CLANG_ANALYZER_NONNULL = YES;
				CLANG_ANALYZER_NUMBER_OBJECT_CONVERSION = YES_AGGRESSIVE;
				CLANG_CXX_LANGUAGE_STANDARD = "gnu++14";
				CLANG_CXX_LIBRARY = "libc++";
				CLANG_ENABLE_MODULES = YES;
				CLANG_ENABLE_OBJC_ARC = YES;
				CLANG_ENABLE_OBJC_WEAK = YES;
				CLANG_WARN_BLOCK_CAPTURE_AUTORELEASING = YES;
				CLANG_WARN_BOOL_CONVERSION = YES;
				CLANG_WARN_COMMA = YES;
				CLANG_WARN_CONSTANT_CONVERSION = YES;
				CLANG_WARN_DEPRECATED_OBJC_IMPLEMENTATIONS = YES;
				CLANG_WARN_DIRECT_OBJC_ISA_USAGE = YES_ERROR;
				CLANG_WARN_DOCUMENTATION_COMMENTS = YES;
				CLANG_WARN_EMPTY_BODY = YES;
				CLANG_WARN_ENUM_CONVERSION = YES;
				CLANG_WARN_INFINITE_RECURSION = YES;
				CLANG_WARN_INT_CONVERSION = YES;
				CLANG_WARN_NON_LITERAL_NULL_CONVERSION = YES;
				CLANG_WARN_OBJC_IMPLICIT_RETAIN_SELF = YES;
				CLANG_WARN_OBJC_LITERAL_CONVERSION = YES;
				CLANG_WARN_OBJC_ROOT_CLASS = YES_ERROR;
				CLANG_WARN_RANGE_LOOP_ANALYSIS = YES;
				CLANG_WARN_STRICT_PROTOTYPES = YES;
				CLANG_WARN_SUSPICIOUS_MOVE = YES;
				CLANG_WARN_UNGUARDED_AVAILABILITY = YES_AGGRESSIVE;
				CLANG_WARN_UNREACHABLE_CODE = YES;
				CLANG_WARN__DUPLICATE_METHOD_MATCH = YES;
				CODE_SIGN_IDENTITY = "iPhone Developer";
				COPY_PHASE_STRIP = NO;
				DEBUG_INFORMATION_FORMAT = "dwarf-with-dsym";
				ENABLE_NS_ASSERTIONS = NO;
				ENABLE_STRICT_OBJC_MSGSEND = YES;
				GCC_C_LANGUAGE_STANDARD = gnu11;
				GCC_NO_COMMON_BLOCKS = YES;
				GCC_WARN_64_TO_32_BIT_CONVERSION = YES;
				GCC_WARN_ABOUT_RETURN_TYPE = YES_ERROR;
				GCC_WARN_UNDECLARED_SELECTOR = YES;
				GCC_WARN_UNINITIALIZED_AUTOS = YES_AGGRESSIVE;
				GCC_WARN_UNUSED_FUNCTION = YES;
				GCC_WARN_UNUSED_VARIABLE = YES;
				IPHONEOS_DEPLOYMENT_TARGET = 12.1;
				MTL_ENABLE_DEBUG_INFO = NO;
				MTL_FAST_MATH = YES;
				SDKROOT = iphoneos;
				SWIFT_COMPILATION_MODE = wholemodule;
				SWIFT_OPTIMIZATION_LEVEL = "-O";
				VALIDATE_PRODUCT = YES;
			};
			name = Release;
		};
		523E79E2220BB772003EA7C7 /* Debug */ = {
			isa = XCBuildConfiguration;
			buildSettings = {
				ASSETCATALOG_COMPILER_APPICON_NAME = AppIcon;
				CODE_SIGN_STYLE = Automatic;
				INFOPLIST_FILE = memoji/Info.plist;
				LD_RUNPATH_SEARCH_PATHS = (
					"$(inherited)",
					"@executable_path/Frameworks",
				);
				PRODUCT_BUNDLE_IDENTIFIER = franqa.memoji;
				PRODUCT_NAME = "$(TARGET_NAME)";
				SWIFT_VERSION = 4.2;
				TARGETED_DEVICE_FAMILY = "1,2";
			};
			name = Debug;
		};
		523E79E3220BB772003EA7C7 /* Release */ = {
			isa = XCBuildConfiguration;
			buildSettings = {
				ASSETCATALOG_COMPILER_APPICON_NAME = AppIcon;
				CODE_SIGN_STYLE = Automatic;
				INFOPLIST_FILE = memoji/Info.plist;
				LD_RUNPATH_SEARCH_PATHS = (
					"$(inherited)",
					"@executable_path/Frameworks",
				);
				PRODUCT_BUNDLE_IDENTIFIER = franqa.memoji;
				PRODUCT_NAME = "$(TARGET_NAME)";
				SWIFT_VERSION = 4.2;
				TARGETED_DEVICE_FAMILY = "1,2";
			};
			name = Release;
		};
		523E79E5220BB772003EA7C7 /* Debug */ = {
			isa = XCBuildConfiguration;
			buildSettings = {
				ALWAYS_EMBED_SWIFT_STANDARD_LIBRARIES = YES;
				BUNDLE_LOADER = "$(TEST_HOST)";
				CODE_SIGN_STYLE = Automatic;
				INFOPLIST_FILE = memojiTests/Info.plist;
				LD_RUNPATH_SEARCH_PATHS = (
					"$(inherited)",
					"@executable_path/Frameworks",
					"@loader_path/Frameworks",
				);
				PRODUCT_BUNDLE_IDENTIFIER = franqa.memojiTests;
				PRODUCT_NAME = "$(TARGET_NAME)";
				SWIFT_VERSION = 4.2;
				TARGETED_DEVICE_FAMILY = "1,2";
				TEST_HOST = "$(BUILT_PRODUCTS_DIR)/memoji.app/memoji";
			};
			name = Debug;
		};
		523E79E6220BB772003EA7C7 /* Release */ = {
			isa = XCBuildConfiguration;
			buildSettings = {
				ALWAYS_EMBED_SWIFT_STANDARD_LIBRARIES = YES;
				BUNDLE_LOADER = "$(TEST_HOST)";
				CODE_SIGN_STYLE = Automatic;
				INFOPLIST_FILE = memojiTests/Info.plist;
				LD_RUNPATH_SEARCH_PATHS = (
					"$(inherited)",
					"@executable_path/Frameworks",
					"@loader_path/Frameworks",
				);
				PRODUCT_BUNDLE_IDENTIFIER = franqa.memojiTests;
				PRODUCT_NAME = "$(TARGET_NAME)";
				SWIFT_VERSION = 4.2;
				TARGETED_DEVICE_FAMILY = "1,2";
				TEST_HOST = "$(BUILT_PRODUCTS_DIR)/memoji.app/memoji";
			};
			name = Release;
		};
		523E79E8220BB772003EA7C7 /* Debug */ = {
			isa = XCBuildConfiguration;
			buildSettings = {
				ALWAYS_EMBED_SWIFT_STANDARD_LIBRARIES = YES;
				CODE_SIGN_STYLE = Automatic;
				INFOPLIST_FILE = memojiUITests/Info.plist;
				LD_RUNPATH_SEARCH_PATHS = (
					"$(inherited)",
					"@executable_path/Frameworks",
					"@loader_path/Frameworks",
				);
				PRODUCT_BUNDLE_IDENTIFIER = franqa.memojiUITests;
				PRODUCT_NAME = "$(TARGET_NAME)";
				SWIFT_VERSION = 4.2;
				TARGETED_DEVICE_FAMILY = "1,2";
				TEST_TARGET_NAME = memoji;
			};
			name = Debug;
		};
		523E79E9220BB772003EA7C7 /* Release */ = {
			isa = XCBuildConfiguration;
			buildSettings = {
				ALWAYS_EMBED_SWIFT_STANDARD_LIBRARIES = YES;
				CODE_SIGN_STYLE = Automatic;
				INFOPLIST_FILE = memojiUITests/Info.plist;
				LD_RUNPATH_SEARCH_PATHS = (
					"$(inherited)",
					"@executable_path/Frameworks",
					"@loader_path/Frameworks",
				);
				PRODUCT_BUNDLE_IDENTIFIER = franqa.memojiUITests;
				PRODUCT_NAME = "$(TARGET_NAME)";
				SWIFT_VERSION = 4.2;
				TARGETED_DEVICE_FAMILY = "1,2";
				TEST_TARGET_NAME = memoji;
			};
			name = Release;
		};
/* End XCBuildConfiguration section */

/* Begin XCConfigurationList section */
		523E79B4220BB770003EA7C7 /* Build configuration list for PBXProject "memoji" */ = {
			isa = XCConfigurationList;
			buildConfigurations = (
				523E79DF220BB772003EA7C7 /* Debug */,
				523E79E0220BB772003EA7C7 /* Release */,
			);
			defaultConfigurationIsVisible = 0;
			defaultConfigurationName = Release;
		};
		523E79E1220BB772003EA7C7 /* Build configuration list for PBXNativeTarget "memoji" */ = {
			isa = XCConfigurationList;
			buildConfigurations = (
				523E79E2220BB772003EA7C7 /* Debug */,
				523E79E3220BB772003EA7C7 /* Release */,
			);
			defaultConfigurationIsVisible = 0;
			defaultConfigurationName = Release;
		};
		523E79E4220BB772003EA7C7 /* Build configuration list for PBXNativeTarget "memojiTests" */ = {
			isa = XCConfigurationList;
			buildConfigurations = (
				523E79E5220BB772003EA7C7 /* Debug */,
				523E79E6220BB772003EA7C7 /* Release */,
			);
			defaultConfigurationIsVisible = 0;
			defaultConfigurationName = Release;
		};
		523E79E7220BB772003EA7C7 /* Build configuration list for PBXNativeTarget "memojiUITests" */ = {
			isa = XCConfigurationList;
			buildConfigurations = (
				523E79E8220BB772003EA7C7 /* Debug */,
				523E79E9220BB772003EA7C7 /* Release */,
			);
			defaultConfigurationIsVisible = 0;
			defaultConfigurationName = Release;
		};
/* End XCConfigurationList section */
	};
	rootObject = 523E79B1220BB770003EA7C7 /* Project object */;
}
